
Microsoft Visual Studio Solution File, Format Version 12.00
# Visual Studio Version 18
VisualStudioVersion = 18.3.11312.210 d18.3
MinimumVisualStudioVersion = 10.0.40219.1
Project("{FAE04EC0-301F-11D3-BF4B-00C04F79EFBC}") = "YoniWoltProject", "YoniWoltProject\YoniWoltProject.csproj", "{24362F30-CF05-4871-B040-3C1FBAEF6342}"
EndProject
Project("{FAE04EC0-301F-11D3-BF4B-00C04F79EFBC}") = "Model", "Model\Model.csproj", "{BBE3B13E-4647-4968-8D71-DFAF5A236545}"
EndProject
Project("{FAE04EC0-301F-11D3-BF4B-00C04F79EFBC}") = "ViewModel", "ViewModel\ViewModel.csproj", "{23697B28-570A-4734-AB22-D657AED39E40}"
EndProject
Project("{FAE04EC0-301F-11D3-BF4B-00C04F79EFBC}") = "Test", "Test\Test.csproj", "{996B340D-DBEA-4DB1-AECD-EC279A064368}"
EndProject
Project("{FAE04EC0-301F-11D3-BF4B-00C04F79EFBC}") = "API project", "API project\API project.csproj", "{BC093B02-6073-4C04-9B9A-B58B35D171E2}"
EndProject
Project("{FAE04EC0-301F-11D3-BF4B-00C04F79EFBC}") = "API Inteface", "API Inteface\API Inteface.csproj", "{637D842A-B5C8-48B7-9B09-1190F888711D}"
EndProject
Global
	GlobalSection(SolutionConfigurationPlatforms) = preSolution
		Debug|Any CPU = Debug|Any CPU
		Release|Any CPU = Release|Any CPU
	EndGlobalSection
	GlobalSection(ProjectConfigurationPlatforms) = postSolution
		{24362F30-CF05-4871-B040-3C1FBAEF6342}.Debug|Any CPU.ActiveCfg = Debug|Any CPU
		{24362F30-CF05-4871-B040-3C1FBAEF6342}.Debug|Any CPU.Build.0 = Debug|Any CPU
		{24362F30-CF05-4871-B040-3C1FBAEF6342}.Release|Any CPU.ActiveCfg = Release|Any CPU
		{24362F30-CF05-4871-B040-3C1FBAEF6342}.Release|Any CPU.Build.0 = Release|Any CPU
		{BBE3B13E-4647-4968-8D71-DFAF5A236545}.Debug|Any CPU.ActiveCfg = Debug|Any CPU
		{BBE3B13E-4647-4968-8D71-DFAF5A236545}.Debug|Any CPU.Build.0 = Debug|Any CPU
		{BBE3B13E-4647-4968-8D71-DFAF5A236545}.Release|Any CPU.ActiveCfg = Release|Any CPU
		{BBE3B13E-4647-4968-8D71-DFAF5A236545}.Release|Any CPU.Build.0 = Release|Any CPU
		{23697B28-570A-4734-AB22-D657AED39E40}.Debug|Any CPU.ActiveCfg = Debug|Any CPU
		{23697B28-570A-4734-AB22-D657AED39E40}.Debug|Any CPU.Build.0 = Debug|Any CPU
		{23697B28-570A-4734-AB22-D657AED39E40}.Release|Any CPU.ActiveCfg = Release|Any CPU
		{23697B28-570A-4734-AB22-D657AED39E40}.Release|Any CPU.Build.0 = Release|Any CPU
		{996B340D-DBEA-4DB1-AECD-EC279A064368}.Debug|Any CPU.ActiveCfg = Debug|Any CPU
		{996B340D-DBEA-4DB1-AECD-EC279A064368}.Debug|Any CPU.Build.0 = Debug|Any CPU
		{996B340D-DBEA-4DB1-AECD-EC279A064368}.Release|Any CPU.ActiveCfg = Release|Any CPU
		{996B340D-DBEA-4DB1-AECD-EC279A064368}.Release|Any CPU.Build.0 = Release|Any CPU
		{BC093B02-6073-4C04-9B9A-B58B35D171E2}.Debug|Any CPU.ActiveCfg = Debug|Any CPU
		{BC093B02-6073-4C04-9B9A-B58B35D171E2}.Debug|Any CPU.Build.0 = Debug|Any CPU
		{BC093B02-6073-4C04-9B9A-B58B35D171E2}.Release|Any CPU.ActiveCfg = Release|Any CPU
		{BC093B02-6073-4C04-9B9A-B58B35D171E2}.Release|Any CPU.Build.0 = Release|Any CPU
		{637D842A-B5C8-48B7-9B09-1190F888711D}.Debug|Any CPU.ActiveCfg = Debug|Any CPU
		{637D842A-B5C8-48B7-9B09-1190F888711D}.Debug|Any CPU.Build.0 = Debug|Any CPU
		{637D842A-B5C8-48B7-9B09-1190F888711D}.Release|Any CPU.ActiveCfg = Release|Any CPU
		{637D842A-B5C8-48B7-9B09-1190F888711D}.Release|Any CPU.Build.0 = Release|Any CPU
	EndGlobalSection
	GlobalSection(SolutionProperties) = preSolution
		HideSolutionNode = FALSE
	EndGlobalSection
	GlobalSection(ExtensibilityGlobals) = postSolution
		SolutionGuid = {69AD503D-4B94-4BDB-B1BE-F1E371E0E5D6}
	EndGlobalSection
EndGlobal
